<Solution>
  <Configurations>
    <Platform Name="x64" />
    <Platform Name="x86" />
  </Configurations>
  <Project Path="CADAnalysisDLL/CADAnalysisDLL.vcxproj" Id="1561b958-b467-42c5-bc4b-a55dca21a02b" />
  <Project Path="Testdxflib/Testdxflib.vcxproj" Id="69fe9ed9-fa3d-4932-8a65-324e695b6dba" />
</Solution>
